
Microsoft Visual Studio Solution File, Format Version 12.00
# Visual Studio Version 16
VisualStudioVersion = 16.0.29613.14
MinimumVisualStudioVersion = 10.0.40219.1
Project("{FAE04EC0-301F-11D3-BF4B-00C04F79EFBC}") = "Tentti2", "Tentti2\Tentti2.csproj", "{58F4A747-2CC9-4BF4-AE0D-AA4430D54C24}"
EndProject
Global
	GlobalSection(SolutionConfigurationPlatforms) = preSolution
		Debug|Any CPU = Debug|Any CPU
		Release|Any CPU = Release|Any CPU
	EndGlobalSection
	GlobalSection(ProjectConfigurationPlatforms) = postSolution
		{58F4A747-2CC9-4BF4-AE0D-AA4430D54C24}.Debug|Any CPU.ActiveCfg = Debug|Any CPU
		{58F4A747-2CC9-4BF4-AE0D-AA4430D54C24}.Debug|Any CPU.Build.0 = Debug|Any CPU
		{58F4A747-2CC9-4BF4-AE0D-AA4430D54C24}.Release|Any CPU.ActiveCfg = Release|Any CPU
		{58F4A747-2CC9-4BF4-AE0D-AA4430D54C24}.Release|Any CPU.Build.0 = Release|Any CPU
	EndGlobalSection
	GlobalSection(SolutionProperties) = preSolution
		HideSolutionNode = FALSE
	EndGlobalSection
	GlobalSection(ExtensibilityGlobals) = postSolution
		SolutionGuid = {DAFEDCEB-F018-4E2C-BE01-75691B6A2848}
	EndGlobalSection
EndGlobal
